// !$*UTF8*$!
{
	archiveVersion = 1;
	classes = {
	};
	objectVersion = 56;
	objects = {

/* Begin PBXBuildFile section */
		D148026F29E69F9500EF72A7 /* CustomButton.swift in Sources */ = {isa = PBXBuildFile; fileRef = D148026E29E69F9500EF72A7 /* CustomButton.swift */; };
		D148027129E6DE3500EF72A7 /* WebServices.swift in Sources */ = {isa = PBXBuildFile; fileRef = D148027029E6DE3500EF72A7 /* WebServices.swift */; };
		D148027429E6DE5500EF72A7 /* Alamofire in Frameworks */ = {isa = PBXBuildFile; productRef = D148027329E6DE5500EF72A7 /* Alamofire */; };
		D148027629E718DD00EF72A7 /* README.md in Resources */ = {isa = PBXBuildFile; fileRef = D148027529E718DD00EF72A7 /* README.md */; };
		D17820AC29E2D9E200C98487 /* AppDelegate.swift in Sources */ = {isa = PBXBuildFile; fileRef = D17820AB29E2D9E200C98487 /* AppDelegate.swift */; };
		D17820AE29E2D9E200C98487 /* SceneDelegate.swift in Sources */ = {isa = PBXBuildFile; fileRef = D17820AD29E2D9E200C98487 /* SceneDelegate.swift */; };
		D17820B029E2D9E200C98487 /* ViewController.swift in Sources */ = {isa = PBXBuildFile; fileRef = D17820AF29E2D9E200C98487 /* ViewController.swift */; };
		D17820B629E2D9E200C98487 /* CurrancyApp.xcdatamodeld in Sources */ = {isa = PBXBuildFile; fileRef = D17820B429E2D9E200C98487 /* CurrancyApp.xcdatamodeld */; };
		D17820B829E2D9E800C98487 /* Assets.xcassets in Resources */ = {isa = PBXBuildFile; fileRef = D17820B729E2D9E800C98487 /* Assets.xcassets */; };
		D17820C429E2DD5700C98487 /* SnapKit in Frameworks */ = {isa = PBXBuildFile; productRef = D17820C329E2DD5700C98487 /* SnapKit */; };
		D17820C629E3EAE200C98487 /* TabBarViewController.swift in Sources */ = {isa = PBXBuildFile; fileRef = D17820C529E3EAE200C98487 /* TabBarViewController.swift */; };
		D17820C829E3F30000C98487 /* ProfileViewController.swift in Sources */ = {isa = PBXBuildFile; fileRef = D17820C729E3F30000C98487 /* ProfileViewController.swift */; };
		D17820CA29E3FEAD00C98487 /* Model.swift in Sources */ = {isa = PBXBuildFile; fileRef = D17820C929E3FEAD00C98487 /* Model.swift */; };
		D17820CC29E41F8700C98487 /* CollectionViewCell.swift in Sources */ = {isa = PBXBuildFile; fileRef = D17820CB29E41F8700C98487 /* CollectionViewCell.swift */; };
		D17820CE29E42F8500C98487 /* AgeCalculationViewController.swift in Sources */ = {isa = PBXBuildFile; fileRef = D17820CD29E42F8500C98487 /* AgeCalculationViewController.swift */; };
		D17820D029E4302B00C98487 /* CurrancyVC.swift in Sources */ = {isa = PBXBuildFile; fileRef = D17820CF29E4302B00C98487 /* CurrancyVC.swift */; };
		D17820D229E4306C00C98487 /* MassVC.swift in Sources */ = {isa = PBXBuildFile; fileRef = D17820D129E4306C00C98487 /* MassVC.swift */; };
		D17820D429E4308A00C98487 /* LengthVC.swift in Sources */ = {isa = PBXBuildFile; fileRef = D17820D329E4308A00C98487 /* LengthVC.swift */; };
		D17820D629E430A200C98487 /* TimeVC.swift in Sources */ = {isa = PBXBuildFile; fileRef = D17820D529E430A200C98487 /* TimeVC.swift */; };
		D17820D829E430B900C98487 /* SpeedVC.swift in Sources */ = {isa = PBXBuildFile; fileRef = D17820D729E430B900C98487 /* SpeedVC.swift */; };
		D17820DA29E430D100C98487 /* TemperatureVC.swift in Sources */ = {isa = PBXBuildFile; fileRef = D17820D929E430D100C98487 /* TemperatureVC.swift */; };
		D17820DC29E430E200C98487 /* NumericalVC.swift in Sources */ = {isa = PBXBuildFile; fileRef = D17820DB29E430E200C98487 /* NumericalVC.swift */; };
		D17820DE29E430F100C98487 /* VolumeVC.swift in Sources */ = {isa = PBXBuildFile; fileRef = D17820DD29E430F100C98487 /* VolumeVC.swift */; };
/* End PBXBuildFile section */

/* Begin PBXFileReference section */
		D148026E29E69F9500EF72A7 /* CustomButton.swift */ = {isa = PBXFileReference; lastKnownFileType = sourcecode.swift; path = CustomButton.swift; sourceTree = "<group>"; };
		D148027029E6DE3500EF72A7 /* WebServices.swift */ = {isa = PBXFileReference; lastKnownFileType = sourcecode.swift; path = WebServices.swift; sourceTree = "<group>"; };
		D148027529E718DD00EF72A7 /* README.md */ = {isa = PBXFileReference; lastKnownFileType = net.daringfireball.markdown; path = README.md; sourceTree = "<group>"; };
		D17820A829E2D9E200C98487 /* CurrancyApp.app */ = {isa = PBXFileReference; explicitFileType = wrapper.application; includeInIndex = 0; path = CurrancyApp.app; sourceTree = BUILT_PRODUCTS_DIR; };
		D17820AB29E2D9E200C98487 /* AppDelegate.swift */ = {isa = PBXFileReference; lastKnownFileType = sourcecode.swift; path = AppDelegate.swift; sourceTree = "<group>"; };
		D17820AD29E2D9E200C98487 /* SceneDelegate.swift */ = {isa = PBXFileReference; lastKnownFileType = sourcecode.swift; path = SceneDelegate.swift; sourceTree = "<group>"; };
		D17820AF29E2D9E200C98487 /* ViewController.swift */ = {isa = PBXFileReference; lastKnownFileType = sourcecode.swift; path = ViewController.swift; sourceTree = "<group>"; };
		D17820B529E2D9E200C98487 /* CurrancyApp.xcdatamodel */ = {isa = PBXFileReference; lastKnownFileType = wrapper.xcdatamodel; path = CurrancyApp.xcdatamodel; sourceTree = "<group>"; };
		D17820B729E2D9E800C98487 /* Assets.xcassets */ = {isa = PBXFileReference; lastKnownFileType = folder.assetcatalog; path = Assets.xcassets; sourceTree = "<group>"; };
		D17820BC29E2D9E800C98487 /* Info.plist */ = {isa = PBXFileReference; lastKnownFileType = text.plist.xml; path = Info.plist; sourceTree = "<group>"; };
		D17820C529E3EAE200C98487 /* TabBarViewController.swift */ = {isa = PBXFileReference; lastKnownFileType = sourcecode.swift; path = TabBarViewController.swift; sourceTree = "<group>"; };
		D17820C729E3F30000C98487 /* ProfileViewController.swift */ = {isa = PBXFileReference; lastKnownFileType = sourcecode.swift; path = ProfileViewController.swift; sourceTree = "<group>"; };
		D17820C929E3FEAD00C98487 /* Model.swift */ = {isa = PBXFileReference; lastKnownFileType = sourcecode.swift; path = Model.swift; sourceTree = "<group>"; };
		D17820CB29E41F8700C98487 /* CollectionViewCell.swift */ = {isa = PBXFileReference; lastKnownFileType = sourcecode.swift; path = CollectionViewCell.swift; sourceTree = "<group>"; };
		D17820CD29E42F8500C98487 /* AgeCalculationViewController.swift */ = {isa = PBXFileReference; lastKnownFileType = sourcecode.swift; path = AgeCalculationViewController.swift; sourceTree = "<group>"; };
		D17820CF29E4302B00C98487 /* CurrancyVC.swift */ = {isa = PBXFileReference; lastKnownFileType = sourcecode.swift; path = CurrancyVC.swift; sourceTree = "<group>"; };
		D17820D129E4306C00C98487 /* MassVC.swift */ = {isa = PBXFileReference; lastKnownFileType = sourcecode.swift; path = MassVC.swift; sourceTree = "<group>"; };
		D17820D329E4308A00C98487 /* LengthVC.swift */ = {isa = PBXFileReference; lastKnownFileType = sourcecode.swift; path = LengthVC.swift; sourceTree = "<group>"; };
		D17820D529E430A200C98487 /* TimeVC.swift */ = {isa = PBXFileReference; lastKnownFileType = sourcecode.swift; path = TimeVC.swift; sourceTree = "<group>"; };
		D17820D729E430B900C98487 /* SpeedVC.swift */ = {isa = PBXFileReference; lastKnownFileType = sourcecode.swift; path = SpeedVC.swift; sourceTree = "<group>"; };
		D17820D929E430D100C98487 /* TemperatureVC.swift */ = {isa = PBXFileReference; lastKnownFileType = sourcecode.swift; path = TemperatureVC.swift; sourceTree = "<group>"; };
		D17820DB29E430E200C98487 /* NumericalVC.swift */ = {isa = PBXFileReference; lastKnownFileType = sourcecode.swift; path = NumericalVC.swift; sourceTree = "<group>"; };
		D17820DD29E430F100C98487 /* VolumeVC.swift */ = {isa = PBXFileReference; lastKnownFileType = sourcecode.swift; path = VolumeVC.swift; sourceTree = "<group>"; };
/* End PBXFileReference section */

/* Begin PBXFrameworksBuildPhase section */
		D17820A529E2D9E200C98487 /* Frameworks */ = {
			isa = PBXFrameworksBuildPhase;
			buildActionMask = 2147483647;
			files = (
				D17820C429E2DD5700C98487 /* SnapKit in Frameworks */,
				D148027429E6DE5500EF72A7 /* Alamofire in Frameworks */,
			);
			runOnlyForDeploymentPostprocessing = 0;
		};
/* End PBXFrameworksBuildPhase section */

/* Begin PBXGroup section */
		D178209F29E2D9E200C98487 = {
			isa = PBXGroup;
			children = (
				D148027529E718DD00EF72A7 /* README.md */,
				D17820AA29E2D9E200C98487 /* CurrancyApp */,
				D17820A929E2D9E200C98487 /* Products */,
			);
			sourceTree = "<group>";
		};
		D17820A929E2D9E200C98487 /* Products */ = {
			isa = PBXGroup;
			children = (
				D17820A829E2D9E200C98487 /* CurrancyApp.app */,
			);
			name = Products;
			sourceTree = "<group>";
		};
		D17820AA29E2D9E200C98487 /* CurrancyApp */ = {
			isa = PBXGroup;
			children = (
				D1C7D8B029E83DE90007C572 /* ViewControllers */,
				D1C7D8AD29E83DBC0007C572 /* Model */,
				D1C7D8AC29E83D870007C572 /* WebService */,
				D1C7D8AB29E81C6D0007C572 /* CustomCell */,
				D17820C929E3FEAD00C98487 /* Model.swift */,
				D1C7D8A929E81C4C0007C572 /* CustomClass */,
				D1C7D8A729E81C370007C572 /* Delegates */,
				D17820B729E2D9E800C98487 /* Assets.xcassets */,
				D17820BC29E2D9E800C98487 /* Info.plist */,
				D17820B429E2D9E200C98487 /* CurrancyApp.xcdatamodeld */,
			);
			path = CurrancyApp;
			sourceTree = "<group>";
		};
		D1C7D8A729E81C370007C572 /* Delegates */ = {
			isa = PBXGroup;
			children = (
				D17820AB29E2D9E200C98487 /* AppDelegate.swift */,
				D17820AD29E2D9E200C98487 /* SceneDelegate.swift */,
			);
			path = Delegates;
			sourceTree = "<group>";
		};
		D1C7D8A929E81C4C0007C572 /* CustomClass */ = {
			isa = PBXGroup;
			children = (
				D148026E29E69F9500EF72A7 /* CustomButton.swift */,
			);
			path = CustomClass;
			sourceTree = "<group>";
		};
		D1C7D8AB29E81C6D0007C572 /* CustomCell */ = {
			isa = PBXGroup;
			children = (
				D17820CB29E41F8700C98487 /* CollectionViewCell.swift */,
			);
			path = CustomCell;
			sourceTree = "<group>";
		};
		D1C7D8AC29E83D870007C572 /* WebService */ = {
			isa = PBXGroup;
			children = (
				D148027029E6DE3500EF72A7 /* WebServices.swift */,
			);
			path = WebService;
			sourceTree = "<group>";
		};
		D1C7D8AD29E83DBC0007C572 /* Model */ = {
			isa = PBXGroup;
			children = (
			);
			path = Model;
			sourceTree = "<group>";
		};
		D1C7D8B029E83DE90007C572 /* ViewControllers */ = {
			isa = PBXGroup;
			children = (
				D17820CF29E4302B00C98487 /* CurrancyVC.swift */,
				D17820CD29E42F8500C98487 /* AgeCalculationViewController.swift */,
				D17820D129E4306C00C98487 /* MassVC.swift */,
				D17820D329E4308A00C98487 /* LengthVC.swift */,
				D17820D529E430A200C98487 /* TimeVC.swift */,
				D17820D729E430B900C98487 /* SpeedVC.swift */,
				D17820D929E430D100C98487 /* TemperatureVC.swift */,
				D17820DB29E430E200C98487 /* NumericalVC.swift */,
				D17820DD29E430F100C98487 /* VolumeVC.swift */,
				D17820AF29E2D9E200C98487 /* ViewController.swift */,
				D17820C529E3EAE200C98487 /* TabBarViewController.swift */,
				D17820C729E3F30000C98487 /* ProfileViewController.swift */,
			);
			path = ViewControllers;
			sourceTree = "<group>";
		};
/* End PBXGroup section */

/* Begin PBXNativeTarget section */
		D17820A729E2D9E200C98487 /* CurrancyApp */ = {
			isa = PBXNativeTarget;
			buildConfigurationList = D17820BF29E2D9E800C98487 /* Build configuration list for PBXNativeTarget "CurrancyApp" */;
			buildPhases = (
				D17820A429E2D9E200C98487 /* Sources */,
				D17820A529E2D9E200C98487 /* Frameworks */,
				D17820A629E2D9E200C98487 /* Resources */,
			);
			buildRules = (
			);
			dependencies = (
			);
			name = CurrancyApp;
			packageProductDependencies = (
				D17820C329E2DD5700C98487 /* SnapKit */,
				D148027329E6DE5500EF72A7 /* Alamofire */,
			);
			productName = CurrancyApp;
			productReference = D17820A829E2D9E200C98487 /* CurrancyApp.app */;
			productType = "com.apple.product-type.application";
		};
/* End PBXNativeTarget section */

/* Begin PBXProject section */
		D17820A029E2D9E200C98487 /* Project object */ = {
			isa = PBXProject;
			attributes = {
				BuildIndependentTargetsInParallel = 1;
				LastSwiftUpdateCheck = 1430;
				LastUpgradeCheck = 1430;
				TargetAttributes = {
					D17820A729E2D9E200C98487 = {
						CreatedOnToolsVersion = 14.3;
					};
				};
			};
			buildConfigurationList = D17820A329E2D9E200C98487 /* Build configuration list for PBXProject "CurrancyApp" */;
			compatibilityVersion = "Xcode 14.0";
			developmentRegion = en;
			hasScannedForEncodings = 0;
			knownRegions = (
				en,
				Base,
			);
			mainGroup = D178209F29E2D9E200C98487;
			packageReferences = (
				D17820C229E2DD5700C98487 /* XCRemoteSwiftPackageReference "SnapKit" */,
				D148027229E6DE5500EF72A7 /* XCRemoteSwiftPackageReference "Alamofire" */,
			);
			productRefGroup = D17820A929E2D9E200C98487 /* Products */;
			projectDirPath = "";
			projectRoot = "";
			targets = (
				D17820A729E2D9E200C98487 /* CurrancyApp */,
			);
		};
/* End PBXProject section */

/* Begin PBXResourcesBuildPhase section */
		D17820A629E2D9E200C98487 /* Resources */ = {
			isa = PBXResourcesBuildPhase;
			buildActionMask = 2147483647;
			files = (
				D148027629E718DD00EF72A7 /* README.md in Resources */,
				D17820B829E2D9E800C98487 /* Assets.xcassets in Resources */,
			);
			runOnlyForDeploymentPostprocessing = 0;
		};
/* End PBXResourcesBuildPhase section */

/* Begin PBXSourcesBuildPhase section */
		D17820A429E2D9E200C98487 /* Sources */ = {
			isa = PBXSourcesBuildPhase;
			buildActionMask = 2147483647;
			files = (
				D17820D429E4308A00C98487 /* LengthVC.swift in Sources */,
				D17820DA29E430D100C98487 /* TemperatureVC.swift in Sources */,
				D148026F29E69F9500EF72A7 /* CustomButton.swift in Sources */,
				D17820DE29E430F100C98487 /* VolumeVC.swift in Sources */,
				D17820CA29E3FEAD00C98487 /* Model.swift in Sources */,
				D17820C829E3F30000C98487 /* ProfileViewController.swift in Sources */,
				D148027129E6DE3500EF72A7 /* WebServices.swift in Sources */,
				D17820CE29E42F8500C98487 /* AgeCalculationViewController.swift in Sources */,
				D17820DC29E430E200C98487 /* NumericalVC.swift in Sources */,
				D17820D829E430B900C98487 /* SpeedVC.swift in Sources */,
				D17820D229E4306C00C98487 /* MassVC.swift in Sources */,
				D17820D629E430A200C98487 /* TimeVC.swift in Sources */,
				D17820CC29E41F8700C98487 /* CollectionViewCell.swift in Sources */,
				D17820B629E2D9E200C98487 /* CurrancyApp.xcdatamodeld in Sources */,
				D17820B029E2D9E200C98487 /* ViewController.swift in Sources */,
				D17820AC29E2D9E200C98487 /* AppDelegate.swift in Sources */,
				D17820C629E3EAE200C98487 /* TabBarViewController.swift in Sources */,
				D17820AE29E2D9E200C98487 /* SceneDelegate.swift in Sources */,
				D17820D029E4302B00C98487 /* CurrancyVC.swift in Sources */,
			);
			runOnlyForDeploymentPostprocessing = 0;
		};
/* End PBXSourcesBuildPhase section */

/* Begin XCBuildConfiguration section */
		D17820BD29E2D9E800C98487 /* Debug */ = {
			isa = XCBuildConfiguration;
			buildSettings = {
				ALWAYS_SEARCH_USER_PATHS = NO;
				CLANG_ANALYZER_NONNULL = YES;
				CLANG_ANALYZER_NUMBER_OBJECT_CONVERSION = YES_AGGRESSIVE;
				CLANG_CXX_LANGUAGE_STANDARD = "gnu++20";
				CLANG_ENABLE_MODULES = YES;
				CLANG_ENABLE_OBJC_ARC = YES;
				CLANG_ENABLE_OBJC_WEAK = YES;
				CLANG_WARN_BLOCK_CAPTURE_AUTORELEASING = YES;
				CLANG_WARN_BOOL_CONVERSION = YES;
				CLANG_WARN_COMMA = YES;
				CLANG_WARN_CONSTANT_CONVERSION = YES;
				CLANG_WARN_DEPRECATED_OBJC_IMPLEMENTATIONS = YES;
				CLANG_WARN_DIRECT_OBJC_ISA_USAGE = YES_ERROR;
				CLANG_WARN_DOCUMENTATION_COMMENTS = YES;
				CLANG_WARN_EMPTY_BODY = YES;
				CLANG_WARN_ENUM_CONVERSION = YES;
				CLANG_WARN_INFINITE_RECURSION = YES;
				CLANG_WARN_INT_CONVERSION = YES;
				CLANG_WARN_NON_LITERAL_NULL_CONVERSION = YES;
				CLANG_WARN_OBJC_IMPLICIT_RETAIN_SELF = YES;
				CLANG_WARN_OBJC_LITERAL_CONVERSION = YES;
				CLANG_WARN_OBJC_ROOT_CLASS = YES_ERROR;
				CLANG_WARN_QUOTED_INCLUDE_IN_FRAMEWORK_HEADER = YES;
				CLANG_WARN_RANGE_LOOP_ANALYSIS = YES;
				CLANG_WARN_STRICT_PROTOTYPES = YES;
				CLANG_WARN_SUSPICIOUS_MOVE = YES;
				CLANG_WARN_UNGUARDED_AVAILABILITY = YES_AGGRESSIVE;
				CLANG_WARN_UNREACHABLE_CODE = YES;
				CLANG_WARN__DUPLICATE_METHOD_MATCH = YES;
				COPY_PHASE_STRIP = NO;
				DEBUG_INFORMATION_FORMAT = dwarf;
				ENABLE_STRICT_OBJC_MSGSEND = YES;
				ENABLE_TESTABILITY = YES;
				GCC_C_LANGUAGE_STANDARD = gnu11;
				GCC_DYNAMIC_NO_PIC = NO;
				GCC_NO_COMMON_BLOCKS = YES;
				GCC_OPTIMIZATION_LEVEL = 0;
				GCC_PREPROCESSOR_DEFINITIONS = (
					"DEBUG=1",
					"$(inherited)",
				);
				GCC_WARN_64_TO_32_BIT_CONVERSION = YES;
				GCC_WARN_ABOUT_RETURN_TYPE = YES_ERROR;
				GCC_WARN_UNDECLARED_SELECTOR = YES;
				GCC_WARN_UNINITIALIZED_AUTOS = YES_AGGRESSIVE;
				GCC_WARN_UNUSED_FUNCTION = YES;
				GCC_WARN_UNUSED_VARIABLE = YES;
				IPHONEOS_DEPLOYMENT_TARGET = 16.4;
				MTL_ENABLE_DEBUG_INFO = INCLUDE_SOURCE;
				MTL_FAST_MATH = YES;
				ONLY_ACTIVE_ARCH = YES;
				SDKROOT = iphoneos;
				SWIFT_ACTIVE_COMPILATION_CONDITIONS = DEBUG;
				SWIFT_OPTIMIZATION_LEVEL = "-Onone";
			};
			name = Debug;
		};
		D17820BE29E2D9E800C98487 /* Release */ = {
			isa = XCBuildConfiguration;
			buildSettings = {
				ALWAYS_SEARCH_USER_PATHS = NO;
				CLANG_ANALYZER_NONNULL = YES;
				CLANG_ANALYZER_NUMBER_OBJECT_CONVERSION = YES_AGGRESSIVE;
				CLANG_CXX_LANGUAGE_STANDARD = "gnu++20";
				CLANG_ENABLE_MODULES = YES;
				CLANG_ENABLE_OBJC_ARC = YES;
				CLANG_ENABLE_OBJC_WEAK = YES;
				CLANG_WARN_BLOCK_CAPTURE_AUTORELEASING = YES;
				CLANG_WARN_BOOL_CONVERSION = YES;
				CLANG_WARN_COMMA = YES;
				CLANG_WARN_CONSTANT_CONVERSION = YES;
				CLANG_WARN_DEPRECATED_OBJC_IMPLEMENTATIONS = YES;
				CLANG_WARN_DIRECT_OBJC_ISA_USAGE = YES_ERROR;
				CLANG_WARN_DOCUMENTATION_COMMENTS = YES;
				CLANG_WARN_EMPTY_BODY = YES;
				CLANG_WARN_ENUM_CONVERSION = YES;
				CLANG_WARN_INFINITE_RECURSION = YES;
				CLANG_WARN_INT_CONVERSION = YES;
				CLANG_WARN_NON_LITERAL_NULL_CONVERSION = YES;
				CLANG_WARN_OBJC_IMPLICIT_RETAIN_SELF = YES;
				CLANG_WARN_OBJC_LITERAL_CONVERSION = YES;
				CLANG_WARN_OBJC_ROOT_CLASS = YES_ERROR;
				CLANG_WARN_QUOTED_INCLUDE_IN_FRAMEWORK_HEADER = YES;
				CLANG_WARN_RANGE_LOOP_ANALYSIS = YES;
				CLANG_WARN_STRICT_PROTOTYPES = YES;
				CLANG_WARN_SUSPICIOUS_MOVE = YES;
				CLANG_WARN_UNGUARDED_AVAILABILITY = YES_AGGRESSIVE;
				CLANG_WARN_UNREACHABLE_CODE = YES;
				CLANG_WARN__DUPLICATE_METHOD_MATCH = YES;
				COPY_PHASE_STRIP = NO;
				DEBUG_INFORMATION_FORMAT = "dwarf-with-dsym";
				ENABLE_NS_ASSERTIONS = NO;
				ENABLE_STRICT_OBJC_MSGSEND = YES;
				GCC_C_LANGUAGE_STANDARD = gnu11;
				GCC_NO_COMMON_BLOCKS = YES;
				GCC_WARN_64_TO_32_BIT_CONVERSION = YES;
				GCC_WARN_ABOUT_RETURN_TYPE = YES_ERROR;
				GCC_WARN_UNDECLARED_SELECTOR = YES;
				GCC_WARN_UNINITIALIZED_AUTOS = YES_AGGRESSIVE;
				GCC_WARN_UNUSED_FUNCTION = YES;
				GCC_WARN_UNUSED_VARIABLE = YES;
				IPHONEOS_DEPLOYMENT_TARGET = 16.4;
				MTL_ENABLE_DEBUG_INFO = NO;
				MTL_FAST_MATH = YES;
				SDKROOT = iphoneos;
				SWIFT_COMPILATION_MODE = wholemodule;
				SWIFT_OPTIMIZATION_LEVEL = "-O";
				VALIDATE_PRODUCT = YES;
			};
			name = Release;
		};
		D17820C029E2D9E800C98487 /* Debug */ = {
			isa = XCBuildConfiguration;
			buildSettings = {
				ASSETCATALOG_COMPILER_APPICON_NAME = AppIcon;
				ASSETCATALOG_COMPILER_GLOBAL_ACCENT_COLOR_NAME = AccentColor;
				CODE_SIGN_STYLE = Automatic;
				CURRENT_PROJECT_VERSION = 1;
				DEVELOPMENT_TEAM = V893D9G2H6;
				GENERATE_INFOPLIST_FILE = YES;
				INFOPLIST_FILE = CurrancyApp/Info.plist;
				INFOPLIST_KEY_UIApplicationSupportsIndirectInputEvents = YES;
				INFOPLIST_KEY_UILaunchStoryboardName = LaunchScreen;
				INFOPLIST_KEY_UIMainStoryboardFile = "";
				INFOPLIST_KEY_UISupportedInterfaceOrientations_iPad = "UIInterfaceOrientationPortrait UIInterfaceOrientationPortraitUpsideDown UIInterfaceOrientationLandscapeLeft UIInterfaceOrientationLandscapeRight";
				INFOPLIST_KEY_UISupportedInterfaceOrientations_iPhone = "UIInterfaceOrientationPortrait UIInterfaceOrientationLandscapeLeft UIInterfaceOrientationLandscapeRight";
				LD_RUNPATH_SEARCH_PATHS = (
					"$(inherited)",
					"@executable_path/Frameworks",
				);
				MARKETING_VERSION = 1.0;
				PRODUCT_BUNDLE_IDENTIFIER = Veysal.CurrancyApp;
				PRODUCT_NAME = "$(TARGET_NAME)";
				SWIFT_EMIT_LOC_STRINGS = YES;
				SWIFT_VERSION = 5.0;
				TARGETED_DEVICE_FAMILY = "1,2";
			};
			name = Debug;
		};
		D17820C129E2D9E800C98487 /* Release */ = {
			isa = XCBuildConfiguration;
			buildSettings = {
				ASSETCATALOG_COMPILER_APPICON_NAME = AppIcon;
				ASSETCATALOG_COMPILER_GLOBAL_ACCENT_COLOR_NAME = AccentColor;
				CODE_SIGN_STYLE = Automatic;
				CURRENT_PROJECT_VERSION = 1;
				DEVELOPMENT_TEAM = V893D9G2H6;
				GENERATE_INFOPLIST_FILE = YES;
				INFOPLIST_FILE = CurrancyApp/Info.plist;
				INFOPLIST_KEY_UIApplicationSupportsIndirectInputEvents = YES;
				INFOPLIST_KEY_UILaunchStoryboardName = LaunchScreen;
				INFOPLIST_KEY_UIMainStoryboardFile = "";
				INFOPLIST_KEY_UISupportedInterfaceOrientations_iPad = "UIInterfaceOrientationPortrait UIInterfaceOrientationPortraitUpsideDown UIInterfaceOrientationLandscapeLeft UIInterfaceOrientationLandscapeRight";
				INFOPLIST_KEY_UISupportedInterfaceOrientations_iPhone = "UIInterfaceOrientationPortrait UIInterfaceOrientationLandscapeLeft UIInterfaceOrientationLandscapeRight";
				LD_RUNPATH_SEARCH_PATHS = (
					"$(inherited)",
					"@executable_path/Frameworks",
				);
				MARKETING_VERSION = 1.0;
				PRODUCT_BUNDLE_IDENTIFIER = Veysal.CurrancyApp;
				PRODUCT_NAME = "$(TARGET_NAME)";
				SWIFT_EMIT_LOC_STRINGS = YES;
				SWIFT_VERSION = 5.0;
				TARGETED_DEVICE_FAMILY = "1,2";
			};
			name = Release;
		};
/* End XCBuildConfiguration section */

/* Begin XCConfigurationList section */
		D17820A329E2D9E200C98487 /* Build configuration list for PBXProject "CurrancyApp" */ = {
			isa = XCConfigurationList;
			buildConfigurations = (
				D17820BD29E2D9E800C98487 /* Debug */,
				D17820BE29E2D9E800C98487 /* Release */,
			);
			defaultConfigurationIsVisible = 0;
			defaultConfigurationName = Release;
		};
		D17820BF29E2D9E800C98487 /* Build configuration list for PBXNativeTarget "CurrancyApp" */ = {
			isa = XCConfigurationList;
			buildConfigurations = (
				D17820C029E2D9E800C98487 /* Debug */,
				D17820C129E2D9E800C98487 /* Release */,
			);
			defaultConfigurationIsVisible = 0;
			defaultConfigurationName = Release;
		};
/* End XCConfigurationList section */

/* Begin XCRemoteSwiftPackageReference section */
		D148027229E6DE5500EF72A7 /* XCRemoteSwiftPackageReference "Alamofire" */ = {
			isa = XCRemoteSwiftPackageReference;
			repositoryURL = "https://github.com/Alamofire/Alamofire";
			requirement = {
				kind = upToNextMajorVersion;
				minimumVersion = 5.0.0;
			};
		};
		D17820C229E2DD5700C98487 /* XCRemoteSwiftPackageReference "SnapKit" */ = {
			isa = XCRemoteSwiftPackageReference;
			repositoryURL = "https://github.com/SnapKit/SnapKit";
			requirement = {
				kind = upToNextMajorVersion;
				minimumVersion = 5.0.0;
			};
		};
/* End XCRemoteSwiftPackageReference section */

/* Begin XCSwiftPackageProductDependency section */
		D148027329E6DE5500EF72A7 /* Alamofire */ = {
			isa = XCSwiftPackageProductDependency;
			package = D148027229E6DE5500EF72A7 /* XCRemoteSwiftPackageReference "Alamofire" */;
			productName = Alamofire;
		};
		D17820C329E2DD5700C98487 /* SnapKit */ = {
			isa = XCSwiftPackageProductDependency;
			package = D17820C229E2DD5700C98487 /* XCRemoteSwiftPackageReference "SnapKit" */;
			productName = SnapKit;
		};
/* End XCSwiftPackageProductDependency section */

/* Begin XCVersionGroup section */
		D17820B429E2D9E200C98487 /* CurrancyApp.xcdatamodeld */ = {
			isa = XCVersionGroup;
			children = (
				D17820B529E2D9E200C98487 /* CurrancyApp.xcdatamodel */,
			);
			currentVersion = D17820B529E2D9E200C98487 /* CurrancyApp.xcdatamodel */;
			path = CurrancyApp.xcdatamodeld;
			sourceTree = "<group>";
			versionGroupType = wrapper.xcdatamodel;
		};
/* End XCVersionGroup section */
	};
	rootObject = D17820A029E2D9E200C98487 /* Project object */;
}
